
Microsoft Visual Studio Solution File, Format Version 12.00
# Visual Studio 15
VisualStudioVersion = 15.0.28307.421
MinimumVisualStudioVersion = 10.0.40219.1
Project("{8BC9CEB8-8B4A-11D0-8D11-00A0C91BC942}") = "WhitelistBinary", "WhitelistBinary\WhitelistBinary.vcxproj", "{2337296B-136A-4B21-B935-B40AD9C75079}"
EndProject
Global
	GlobalSection(SolutionConfigurationPlatforms) = preSolution
		Debug|x64 = Debug|x64
		Debug|x86 = Debug|x86
		Release|x64 = Release|x64
		Release|x86 = Release|x86
	EndGlobalSection
	GlobalSection(ProjectConfigurationPlatforms) = postSolution
		{2337296B-136A-4B21-B935-B40AD9C75079}.Debug|x64.ActiveCfg = Debug|x64
		{2337296B-136A-4B21-B935-B40AD9C75079}.Debug|x64.Build.0 = Debug|x64
		{2337296B-136A-4B21-B935-B40AD9C75079}.Debug|x86.ActiveCfg = Debug|Win32
		{2337296B-136A-4B21-B935-B40AD9C75079}.Debug|x86.Build.0 = Debug|Win32
		{2337296B-136A-4B21-B935-B40AD9C75079}.Release|x64.ActiveCfg = Release|x64
		{2337296B-136A-4B21-B935-B40AD9C75079}.Release|x64.Build.0 = Release|x64
		{2337296B-136A-4B21-B935-B40AD9C75079}.Release|x86.ActiveCfg = Release|Win32
		{2337296B-136A-4B21-B935-B40AD9C75079}.Release|x86.Build.0 = Release|Win32
	EndGlobalSection
	GlobalSection(SolutionProperties) = preSolution
		HideSolutionNode = FALSE
	EndGlobalSection
	GlobalSection(ExtensibilityGlobals) = postSolution
		SolutionGuid = {4233A495-7E4C-434F-A6EE-2F1BD0190B19}
	EndGlobalSection
EndGlobal
